
Microsoft Visual Studio Solution File, Format Version 12.00
# Visual Studio Version 17
VisualStudioVersion = 17.0.31903.59
MinimumVisualStudioVersion = 10.0.40219.1
Project("{FAE04EC0-301F-11D3-BF4B-00C04F79EFBC}") = "FileSystemLibrary", "FileSystemLibrary\FileSystemLibrary.csproj", "{6F999DD4-D6D6-4936-B2D1-8629507206AF}"
EndProject
Project("{FAE04EC0-301F-11D3-BF4B-00C04F79EFBC}") = "ReflectionApp", "ReflectionApp\ReflectionApp.csproj", "{515362FB-3DCC-40EE-96B8-7F95B4769E52}"
EndProject
Global
	GlobalSection(SolutionConfigurationPlatforms) = preSolution
		Debug|Any CPU = Debug|Any CPU
		Release|Any CPU = Release|Any CPU
	EndGlobalSection
	GlobalSection(SolutionProperties) = preSolution
		HideSolutionNode = FALSE
	EndGlobalSection
	GlobalSection(ProjectConfigurationPlatforms) = postSolution
		{6F999DD4-D6D6-4936-B2D1-8629507206AF}.Debug|Any CPU.ActiveCfg = Debug|Any CPU
		{6F999DD4-D6D6-4936-B2D1-8629507206AF}.Debug|Any CPU.Build.0 = Debug|Any CPU
		{6F999DD4-D6D6-4936-B2D1-8629507206AF}.Release|Any CPU.ActiveCfg = Release|Any CPU
		{6F999DD4-D6D6-4936-B2D1-8629507206AF}.Release|Any CPU.Build.0 = Release|Any CPU
		{515362FB-3DCC-40EE-96B8-7F95B4769E52}.Debug|Any CPU.ActiveCfg = Debug|Any CPU
		{515362FB-3DCC-40EE-96B8-7F95B4769E52}.Debug|Any CPU.Build.0 = Debug|Any CPU
		{515362FB-3DCC-40EE-96B8-7F95B4769E52}.Release|Any CPU.ActiveCfg = Release|Any CPU
		{515362FB-3DCC-40EE-96B8-7F95B4769E52}.Release|Any CPU.Build.0 = Release|Any CPU
	EndGlobalSection
EndGlobal
